// !$*UTF8*$!
{
	archiveVersion = 1;
	classes = {
	};
	objectVersion = 50;
	objects = {

/* Begin PBXBuildFile section */
		8397B1A22493E7F400976FF1 /* Model.swift in Sources */ = {isa = PBXBuildFile; fileRef = 8397B1A12493E7F400976FF1 /* Model.swift */; };
		8397B1A42493E80F00976FF1 /* IssuesModelResult.swift in Sources */ = {isa = PBXBuildFile; fileRef = 8397B1A32493E80F00976FF1 /* IssuesModelResult.swift */; };
		8397B1A62493F10100976FF1 /* UserModelResult.swift in Sources */ = {isa = PBXBuildFile; fileRef = 8397B1A52493F10100976FF1 /* UserModelResult.swift */; };
		8397B1A82493F26F00976FF1 /* LabelModelResult.swift in Sources */ = {isa = PBXBuildFile; fileRef = 8397B1A72493F26F00976FF1 /* LabelModelResult.swift */; };
		8397B1AC2493F6B600976FF1 /* PullRequestResult.swift in Sources */ = {isa = PBXBuildFile; fileRef = 8397B1AB2493F6B600976FF1 /* PullRequestResult.swift */; };
		8397B1AE2493F74200976FF1 /* IssueModelResult.swift in Sources */ = {isa = PBXBuildFile; fileRef = 8397B1AD2493F74200976FF1 /* IssueModelResult.swift */; };
		8397B1B02493F7C500976FF1 /* IssuesModel.swift in Sources */ = {isa = PBXBuildFile; fileRef = 8397B1AF2493F7C500976FF1 /* IssuesModel.swift */; };
		8397B1B52493F9E300976FF1 /* DomainErrors.swift in Sources */ = {isa = PBXBuildFile; fileRef = 8397B1B42493F9E300976FF1 /* DomainErrors.swift */; };
		8397B1C42493FAD500976FF1 /* Data.framework in Frameworks */ = {isa = PBXBuildFile; fileRef = 8397B1BB2493FAD500976FF1 /* Data.framework */; };
		8397B1C92493FAD500976FF1 /* RemoteGetIssuesTests.swift in Sources */ = {isa = PBXBuildFile; fileRef = 8397B1C82493FAD500976FF1 /* RemoteGetIssuesTests.swift */; };
		8397B1D62493FB9E00976FF1 /* HttpGetClient.swift in Sources */ = {isa = PBXBuildFile; fileRef = 8397B1D52493FB9E00976FF1 /* HttpGetClient.swift */; };
		8397B1D82493FC0E00976FF1 /* HttpError.swift in Sources */ = {isa = PBXBuildFile; fileRef = 8397B1D72493FC0E00976FF1 /* HttpError.swift */; };
		8397B1DA2493FC3500976FF1 /* ExtensionHelpers.swift in Sources */ = {isa = PBXBuildFile; fileRef = 8397B1D92493FC3500976FF1 /* ExtensionHelpers.swift */; };
		8397B1DC2493FC5600976FF1 /* RemoteGetIssues.swift in Sources */ = {isa = PBXBuildFile; fileRef = 8397B1DB2493FC5600976FF1 /* RemoteGetIssues.swift */; };
		8397B1DE2493FC6D00976FF1 /* Domain.framework in Frameworks */ = {isa = PBXBuildFile; fileRef = 8397B1872493E5B800976FF1 /* Domain.framework */; };
		8397B1DF2493FC6D00976FF1 /* Domain.framework in Embed Frameworks */ = {isa = PBXBuildFile; fileRef = 8397B1872493E5B800976FF1 /* Domain.framework */; settings = {ATTRIBUTES = (CodeSignOnCopy, RemoveHeadersOnCopy, ); }; };
		8397B1E72493FE9500976FF1 /* HttpClientSpy.swift in Sources */ = {isa = PBXBuildFile; fileRef = 8397B1E62493FE9500976FF1 /* HttpClientSpy.swift */; };
		8397B1E92493FF8000976FF1 /* TestExtension.swift in Sources */ = {isa = PBXBuildFile; fileRef = 8397B1E82493FF8000976FF1 /* TestExtension.swift */; };
		8397B1EB2493FFAF00976FF1 /* TestDataFactories.swift in Sources */ = {isa = PBXBuildFile; fileRef = 8397B1EA2493FFAF00976FF1 /* TestDataFactories.swift */; };
		8397B1ED249400CC00976FF1 /* IssueModelFactory.swift in Sources */ = {isa = PBXBuildFile; fileRef = 8397B1EC249400CC00976FF1 /* IssueModelFactory.swift */; };
		8397B1FC249440F000976FF1 /* Infra.framework in Frameworks */ = {isa = PBXBuildFile; fileRef = 8397B1F3249440F000976FF1 /* Infra.framework */; };
		8397B201249440F000976FF1 /* InfraTests.swift in Sources */ = {isa = PBXBuildFile; fileRef = 8397B200249440F000976FF1 /* InfraTests.swift */; };
/* End PBXBuildFile section */

/* Begin PBXContainerItemProxy section */
		8397B1C52493FAD500976FF1 /* PBXContainerItemProxy */ = {
			isa = PBXContainerItemProxy;
			containerPortal = 83E9922F2493E33700127B14 /* Project object */;
			proxyType = 1;
			remoteGlobalIDString = 8397B1BA2493FAD500976FF1;
			remoteInfo = Data;
		};
		8397B1E02493FC6D00976FF1 /* PBXContainerItemProxy */ = {
			isa = PBXContainerItemProxy;
			containerPortal = 83E9922F2493E33700127B14 /* Project object */;
			proxyType = 1;
			remoteGlobalIDString = 8397B1862493E5B800976FF1;
			remoteInfo = Domain;
		};
		8397B1FD249440F000976FF1 /* PBXContainerItemProxy */ = {
			isa = PBXContainerItemProxy;
			containerPortal = 83E9922F2493E33700127B14 /* Project object */;
			proxyType = 1;
			remoteGlobalIDString = 8397B1F2249440F000976FF1;
			remoteInfo = Infra;
		};
/* End PBXContainerItemProxy section */

/* Begin PBXCopyFilesBuildPhase section */
		8397B1E22493FC6D00976FF1 /* Embed Frameworks */ = {
			isa = PBXCopyFilesBuildPhase;
			buildActionMask = 2147483647;
			dstPath = "";
			dstSubfolderSpec = 10;
			files = (
				8397B1DF2493FC6D00976FF1 /* Domain.framework in Embed Frameworks */,
			);
			name = "Embed Frameworks";
			runOnlyForDeploymentPostprocessing = 0;
		};
/* End PBXCopyFilesBuildPhase section */

/* Begin PBXFileReference section */
		8397B1872493E5B800976FF1 /* Domain.framework */ = {isa = PBXFileReference; explicitFileType = wrapper.framework; includeInIndex = 0; path = Domain.framework; sourceTree = BUILT_PRODUCTS_DIR; };
		8397B18A2493E5B800976FF1 /* Info.plist */ = {isa = PBXFileReference; lastKnownFileType = text.plist.xml; path = Info.plist; sourceTree = "<group>"; };
		8397B1A12493E7F400976FF1 /* Model.swift */ = {isa = PBXFileReference; lastKnownFileType = sourcecode.swift; path = Model.swift; sourceTree = "<group>"; };
		8397B1A32493E80F00976FF1 /* IssuesModelResult.swift */ = {isa = PBXFileReference; lastKnownFileType = sourcecode.swift; path = IssuesModelResult.swift; sourceTree = "<group>"; };
		8397B1A52493F10100976FF1 /* UserModelResult.swift */ = {isa = PBXFileReference; lastKnownFileType = sourcecode.swift; path = UserModelResult.swift; sourceTree = "<group>"; };
		8397B1A72493F26F00976FF1 /* LabelModelResult.swift */ = {isa = PBXFileReference; lastKnownFileType = sourcecode.swift; path = LabelModelResult.swift; sourceTree = "<group>"; };
		8397B1AB2493F6B600976FF1 /* PullRequestResult.swift */ = {isa = PBXFileReference; lastKnownFileType = sourcecode.swift; path = PullRequestResult.swift; sourceTree = "<group>"; };
		8397B1AD2493F74200976FF1 /* IssueModelResult.swift */ = {isa = PBXFileReference; lastKnownFileType = sourcecode.swift; path = IssueModelResult.swift; sourceTree = "<group>"; };
		8397B1AF2493F7C500976FF1 /* IssuesModel.swift */ = {isa = PBXFileReference; lastKnownFileType = sourcecode.swift; path = IssuesModel.swift; sourceTree = "<group>"; };
		8397B1B42493F9E300976FF1 /* DomainErrors.swift */ = {isa = PBXFileReference; lastKnownFileType = sourcecode.swift; path = DomainErrors.swift; sourceTree = "<group>"; };
		8397B1BB2493FAD500976FF1 /* Data.framework */ = {isa = PBXFileReference; explicitFileType = wrapper.framework; includeInIndex = 0; path = Data.framework; sourceTree = BUILT_PRODUCTS_DIR; };
		8397B1BE2493FAD500976FF1 /* Info.plist */ = {isa = PBXFileReference; lastKnownFileType = text.plist.xml; path = Info.plist; sourceTree = "<group>"; };
		8397B1C32493FAD500976FF1 /* DataTests.xctest */ = {isa = PBXFileReference; explicitFileType = wrapper.cfbundle; includeInIndex = 0; path = DataTests.xctest; sourceTree = BUILT_PRODUCTS_DIR; };
		8397B1C82493FAD500976FF1 /* RemoteGetIssuesTests.swift */ = {isa = PBXFileReference; lastKnownFileType = sourcecode.swift; path = RemoteGetIssuesTests.swift; sourceTree = "<group>"; };
		8397B1CA2493FAD500976FF1 /* Info.plist */ = {isa = PBXFileReference; lastKnownFileType = text.plist.xml; path = Info.plist; sourceTree = "<group>"; };
		8397B1D52493FB9E00976FF1 /* HttpGetClient.swift */ = {isa = PBXFileReference; lastKnownFileType = sourcecode.swift; path = HttpGetClient.swift; sourceTree = "<group>"; };
		8397B1D72493FC0E00976FF1 /* HttpError.swift */ = {isa = PBXFileReference; lastKnownFileType = sourcecode.swift; path = HttpError.swift; sourceTree = "<group>"; };
		8397B1D92493FC3500976FF1 /* ExtensionHelpers.swift */ = {isa = PBXFileReference; lastKnownFileType = sourcecode.swift; path = ExtensionHelpers.swift; sourceTree = "<group>"; };
		8397B1DB2493FC5600976FF1 /* RemoteGetIssues.swift */ = {isa = PBXFileReference; lastKnownFileType = sourcecode.swift; path = RemoteGetIssues.swift; sourceTree = "<group>"; };
		8397B1E62493FE9500976FF1 /* HttpClientSpy.swift */ = {isa = PBXFileReference; lastKnownFileType = sourcecode.swift; path = HttpClientSpy.swift; sourceTree = "<group>"; };
		8397B1E82493FF8000976FF1 /* TestExtension.swift */ = {isa = PBXFileReference; lastKnownFileType = sourcecode.swift; path = TestExtension.swift; sourceTree = "<group>"; };
		8397B1EA2493FFAF00976FF1 /* TestDataFactories.swift */ = {isa = PBXFileReference; lastKnownFileType = sourcecode.swift; path = TestDataFactories.swift; sourceTree = "<group>"; };
		8397B1EC249400CC00976FF1 /* IssueModelFactory.swift */ = {isa = PBXFileReference; lastKnownFileType = sourcecode.swift; path = IssueModelFactory.swift; sourceTree = "<group>"; };
		8397B1F3249440F000976FF1 /* Infra.framework */ = {isa = PBXFileReference; explicitFileType = wrapper.framework; includeInIndex = 0; path = Infra.framework; sourceTree = BUILT_PRODUCTS_DIR; };
		8397B1F6249440F000976FF1 /* Info.plist */ = {isa = PBXFileReference; lastKnownFileType = text.plist.xml; path = Info.plist; sourceTree = "<group>"; };
		8397B1FB249440F000976FF1 /* InfraTests.xctest */ = {isa = PBXFileReference; explicitFileType = wrapper.cfbundle; includeInIndex = 0; path = InfraTests.xctest; sourceTree = BUILT_PRODUCTS_DIR; };
		8397B200249440F000976FF1 /* InfraTests.swift */ = {isa = PBXFileReference; lastKnownFileType = sourcecode.swift; path = InfraTests.swift; sourceTree = "<group>"; };
		8397B202249440F000976FF1 /* Info.plist */ = {isa = PBXFileReference; lastKnownFileType = text.plist.xml; path = Info.plist; sourceTree = "<group>"; };
/* End PBXFileReference section */

/* Begin PBXFrameworksBuildPhase section */
		8397B1842493E5B800976FF1 /* Frameworks */ = {
			isa = PBXFrameworksBuildPhase;
			buildActionMask = 2147483647;
			files = (
			);
			runOnlyForDeploymentPostprocessing = 0;
		};
		8397B1B82493FAD500976FF1 /* Frameworks */ = {
			isa = PBXFrameworksBuildPhase;
			buildActionMask = 2147483647;
			files = (
				8397B1DE2493FC6D00976FF1 /* Domain.framework in Frameworks */,
			);
			runOnlyForDeploymentPostprocessing = 0;
		};
		8397B1C02493FAD500976FF1 /* Frameworks */ = {
			isa = PBXFrameworksBuildPhase;
			buildActionMask = 2147483647;
			files = (
				8397B1C42493FAD500976FF1 /* Data.framework in Frameworks */,
			);
			runOnlyForDeploymentPostprocessing = 0;
		};
		8397B1F0249440F000976FF1 /* Frameworks */ = {
			isa = PBXFrameworksBuildPhase;
			buildActionMask = 2147483647;
			files = (
			);
			runOnlyForDeploymentPostprocessing = 0;
		};
		8397B1F8249440F000976FF1 /* Frameworks */ = {
			isa = PBXFrameworksBuildPhase;
			buildActionMask = 2147483647;
			files = (
				8397B1FC249440F000976FF1 /* Infra.framework in Frameworks */,
			);
			runOnlyForDeploymentPostprocessing = 0;
		};
/* End PBXFrameworksBuildPhase section */

/* Begin PBXGroup section */
		8397B1882493E5B800976FF1 /* Domain */ = {
			isa = PBXGroup;
			children = (
				8397B19E2493E7C500976FF1 /* UseCases */,
				8397B1A02493E7DF00976FF1 /* Errors */,
				8397B19F2493E7DC00976FF1 /* Model */,
				8397B18A2493E5B800976FF1 /* Info.plist */,
			);
			path = Domain;
			sourceTree = "<group>";
		};
		8397B19E2493E7C500976FF1 /* UseCases */ = {
			isa = PBXGroup;
			children = (
				8397B1AF2493F7C500976FF1 /* IssuesModel.swift */,
			);
			path = UseCases;
			sourceTree = "<group>";
		};
		8397B19F2493E7DC00976FF1 /* Model */ = {
			isa = PBXGroup;
			children = (
				8397B1A12493E7F400976FF1 /* Model.swift */,
				8397B1B12493F8A800976FF1 /* Issue */,
				8397B1A32493E80F00976FF1 /* IssuesModelResult.swift */,
				8397B1AD2493F74200976FF1 /* IssueModelResult.swift */,
				8397B1AB2493F6B600976FF1 /* PullRequestResult.swift */,
				8397B1A52493F10100976FF1 /* UserModelResult.swift */,
				8397B1A72493F26F00976FF1 /* LabelModelResult.swift */,
			);
			path = Model;
			sourceTree = "<group>";
		};
		8397B1A02493E7DF00976FF1 /* Errors */ = {
			isa = PBXGroup;
			children = (
				8397B1B42493F9E300976FF1 /* DomainErrors.swift */,
			);
			path = Errors;
			sourceTree = "<group>";
		};
		8397B1B12493F8A800976FF1 /* Issue */ = {
			isa = PBXGroup;
			children = (
			);
			path = Issue;
			sourceTree = "<group>";
		};
		8397B1BC2493FAD500976FF1 /* Data */ = {
			isa = PBXGroup;
			children = (
				8397B1D42493FB1600976FF1 /* UseCases */,
				8397B1D32493FB1100976FF1 /* Http */,
				8397B1D22493FB0600976FF1 /* Helpers */,
				8397B1BE2493FAD500976FF1 /* Info.plist */,
			);
			path = Data;
			sourceTree = "<group>";
		};
		8397B1C72493FAD500976FF1 /* DataTests */ = {
			isa = PBXGroup;
			children = (
				8397B1E52493FE7F00976FF1 /* UseCases */,
				8397B1E42493FE7C00976FF1 /* Http */,
				8397B1E32493FE7200976FF1 /* Helpers */,
				8397B1CA2493FAD500976FF1 /* Info.plist */,
			);
			path = DataTests;
			sourceTree = "<group>";
		};
		8397B1D22493FB0600976FF1 /* Helpers */ = {
			isa = PBXGroup;
			children = (
				8397B1D92493FC3500976FF1 /* ExtensionHelpers.swift */,
			);
			path = Helpers;
			sourceTree = "<group>";
		};
		8397B1D32493FB1100976FF1 /* Http */ = {
			isa = PBXGroup;
			children = (
				8397B1D52493FB9E00976FF1 /* HttpGetClient.swift */,
				8397B1D72493FC0E00976FF1 /* HttpError.swift */,
			);
			path = Http;
			sourceTree = "<group>";
		};
		8397B1D42493FB1600976FF1 /* UseCases */ = {
			isa = PBXGroup;
			children = (
				8397B1DB2493FC5600976FF1 /* RemoteGetIssues.swift */,
			);
			path = UseCases;
			sourceTree = "<group>";
		};
		8397B1DD2493FC6D00976FF1 /* Frameworks */ = {
			isa = PBXGroup;
			children = (
			);
			name = Frameworks;
			sourceTree = "<group>";
		};
		8397B1E32493FE7200976FF1 /* Helpers */ = {
			isa = PBXGroup;
			children = (
				8397B1E82493FF8000976FF1 /* TestExtension.swift */,
				8397B1EC249400CC00976FF1 /* IssueModelFactory.swift */,
				8397B1EA2493FFAF00976FF1 /* TestDataFactories.swift */,
			);
			path = Helpers;
			sourceTree = "<group>";
		};
		8397B1E42493FE7C00976FF1 /* Http */ = {
			isa = PBXGroup;
			children = (
				8397B1E62493FE9500976FF1 /* HttpClientSpy.swift */,
			);
			path = Http;
			sourceTree = "<group>";
		};
		8397B1E52493FE7F00976FF1 /* UseCases */ = {
			isa = PBXGroup;
			children = (
				8397B1C82493FAD500976FF1 /* RemoteGetIssuesTests.swift */,
			);
			path = UseCases;
			sourceTree = "<group>";
		};
		8397B1F4249440F000976FF1 /* Infra */ = {
			isa = PBXGroup;
			children = (
				8397B1F6249440F000976FF1 /* Info.plist */,
			);
			path = Infra;
			sourceTree = "<group>";
		};
		8397B1FF249440F000976FF1 /* InfraTests */ = {
			isa = PBXGroup;
			children = (
				8397B200249440F000976FF1 /* InfraTests.swift */,
				8397B202249440F000976FF1 /* Info.plist */,
			);
			path = InfraTests;
			sourceTree = "<group>";
		};
		83E9922E2493E33700127B14 = {
			isa = PBXGroup;
			children = (
				8397B1882493E5B800976FF1 /* Domain */,
				8397B1BC2493FAD500976FF1 /* Data */,
				8397B1C72493FAD500976FF1 /* DataTests */,
				8397B1F4249440F000976FF1 /* Infra */,
				8397B1FF249440F000976FF1 /* InfraTests */,
				83E992392493E33800127B14 /* Products */,
				8397B1DD2493FC6D00976FF1 /* Frameworks */,
			);
			sourceTree = "<group>";
		};
		83E992392493E33800127B14 /* Products */ = {
			isa = PBXGroup;
			children = (
				8397B1872493E5B800976FF1 /* Domain.framework */,
				8397B1BB2493FAD500976FF1 /* Data.framework */,
				8397B1C32493FAD500976FF1 /* DataTests.xctest */,
				8397B1F3249440F000976FF1 /* Infra.framework */,
				8397B1FB249440F000976FF1 /* InfraTests.xctest */,
			);
			name = Products;
			sourceTree = "<group>";
		};
/* End PBXGroup section */

/* Begin PBXHeadersBuildPhase section */
		8397B1822493E5B800976FF1 /* Headers */ = {
			isa = PBXHeadersBuildPhase;
			buildActionMask = 2147483647;
			files = (
			);
			runOnlyForDeploymentPostprocessing = 0;
		};
		8397B1B62493FAD500976FF1 /* Headers */ = {
			isa = PBXHeadersBuildPhase;
			buildActionMask = 2147483647;
			files = (
			);
			runOnlyForDeploymentPostprocessing = 0;
		};
		8397B1EE249440F000976FF1 /* Headers */ = {
			isa = PBXHeadersBuildPhase;
			buildActionMask = 2147483647;
			files = (
			);
			runOnlyForDeploymentPostprocessing = 0;
		};
/* End PBXHeadersBuildPhase section */

/* Begin PBXNativeTarget section */
		8397B1862493E5B800976FF1 /* Domain */ = {
			isa = PBXNativeTarget;
			buildConfigurationList = 8397B19C2493E5B800976FF1 /* Build configuration list for PBXNativeTarget "Domain" */;
			buildPhases = (
				8397B1822493E5B800976FF1 /* Headers */,
				8397B1832493E5B800976FF1 /* Sources */,
				8397B1842493E5B800976FF1 /* Frameworks */,
				8397B1852493E5B800976FF1 /* Resources */,
			);
			buildRules = (
			);
			dependencies = (
			);
			name = Domain;
			productName = Domain;
			productReference = 8397B1872493E5B800976FF1 /* Domain.framework */;
			productType = "com.apple.product-type.framework";
		};
		8397B1BA2493FAD500976FF1 /* Data */ = {
			isa = PBXNativeTarget;
			buildConfigurationList = 8397B1CC2493FAD500976FF1 /* Build configuration list for PBXNativeTarget "Data" */;
			buildPhases = (
				8397B1B62493FAD500976FF1 /* Headers */,
				8397B1B72493FAD500976FF1 /* Sources */,
				8397B1B82493FAD500976FF1 /* Frameworks */,
				8397B1B92493FAD500976FF1 /* Resources */,
				8397B1E22493FC6D00976FF1 /* Embed Frameworks */,
			);
			buildRules = (
			);
			dependencies = (
				8397B1E12493FC6D00976FF1 /* PBXTargetDependency */,
			);
			name = Data;
			productName = Data;
			productReference = 8397B1BB2493FAD500976FF1 /* Data.framework */;
			productType = "com.apple.product-type.framework";
		};
		8397B1C22493FAD500976FF1 /* DataTests */ = {
			isa = PBXNativeTarget;
			buildConfigurationList = 8397B1CF2493FAD500976FF1 /* Build configuration list for PBXNativeTarget "DataTests" */;
			buildPhases = (
				8397B1BF2493FAD500976FF1 /* Sources */,
				8397B1C02493FAD500976FF1 /* Frameworks */,
				8397B1C12493FAD500976FF1 /* Resources */,
			);
			buildRules = (
			);
			dependencies = (
				8397B1C62493FAD500976FF1 /* PBXTargetDependency */,
			);
			name = DataTests;
			productName = DataTests;
			productReference = 8397B1C32493FAD500976FF1 /* DataTests.xctest */;
			productType = "com.apple.product-type.bundle.unit-test";
		};
		8397B1F2249440F000976FF1 /* Infra */ = {
			isa = PBXNativeTarget;
			buildConfigurationList = 8397B204249440F000976FF1 /* Build configuration list for PBXNativeTarget "Infra" */;
			buildPhases = (
				8397B1EE249440F000976FF1 /* Headers */,
				8397B1EF249440F000976FF1 /* Sources */,
				8397B1F0249440F000976FF1 /* Frameworks */,
				8397B1F1249440F000976FF1 /* Resources */,
			);
			buildRules = (
			);
			dependencies = (
			);
			name = Infra;
			productName = Infra;
			productReference = 8397B1F3249440F000976FF1 /* Infra.framework */;
			productType = "com.apple.product-type.framework";
		};
		8397B1FA249440F000976FF1 /* InfraTests */ = {
			isa = PBXNativeTarget;
			buildConfigurationList = 8397B207249440F000976FF1 /* Build configuration list for PBXNativeTarget "InfraTests" */;
			buildPhases = (
				8397B1F7249440F000976FF1 /* Sources */,
				8397B1F8249440F000976FF1 /* Frameworks */,
				8397B1F9249440F000976FF1 /* Resources */,
			);
			buildRules = (
			);
			dependencies = (
				8397B1FE249440F000976FF1 /* PBXTargetDependency */,
			);
			name = InfraTests;
			productName = InfraTests;
			productReference = 8397B1FB249440F000976FF1 /* InfraTests.xctest */;
			productType = "com.apple.product-type.bundle.unit-test";
		};
/* End PBXNativeTarget section */

/* Begin PBXProject section */
		83E9922F2493E33700127B14 /* Project object */ = {
			isa = PBXProject;
			attributes = {
				LastSwiftUpdateCheck = 1150;
				LastUpgradeCheck = 1150;
				ORGANIZATIONNAME = "Thiago B Claramunt";
				TargetAttributes = {
					8397B1862493E5B800976FF1 = {
						CreatedOnToolsVersion = 11.5;
						LastSwiftMigration = 1150;
					};
					8397B1BA2493FAD500976FF1 = {
						CreatedOnToolsVersion = 11.5;
						LastSwiftMigration = 1150;
					};
					8397B1C22493FAD500976FF1 = {
						CreatedOnToolsVersion = 11.5;
					};
					8397B1F2249440F000976FF1 = {
						CreatedOnToolsVersion = 11.5;
					};
					8397B1FA249440F000976FF1 = {
						CreatedOnToolsVersion = 11.5;
					};
				};
			};
			buildConfigurationList = 83E992322493E33700127B14 /* Build configuration list for PBXProject "Recrutamento" */;
			compatibilityVersion = "Xcode 9.3";
			developmentRegion = en;
			hasScannedForEncodings = 0;
			knownRegions = (
				en,
				Base,
			);
			mainGroup = 83E9922E2493E33700127B14;
			productRefGroup = 83E992392493E33800127B14 /* Products */;
			projectDirPath = "";
			projectRoot = "";
			targets = (
				8397B1862493E5B800976FF1 /* Domain */,
				8397B1BA2493FAD500976FF1 /* Data */,
				8397B1C22493FAD500976FF1 /* DataTests */,
				8397B1F2249440F000976FF1 /* Infra */,
				8397B1FA249440F000976FF1 /* InfraTests */,
			);
		};
/* End PBXProject section */

/* Begin PBXResourcesBuildPhase section */
		8397B1852493E5B800976FF1 /* Resources */ = {
			isa = PBXResourcesBuildPhase;
			buildActionMask = 2147483647;
			files = (
			);
			runOnlyForDeploymentPostprocessing = 0;
		};
		8397B1B92493FAD500976FF1 /* Resources */ = {
			isa = PBXResourcesBuildPhase;
			buildActionMask = 2147483647;
			files = (
			);
			runOnlyForDeploymentPostprocessing = 0;
		};
		8397B1C12493FAD500976FF1 /* Resources */ = {
			isa = PBXResourcesBuildPhase;
			buildActionMask = 2147483647;
			files = (
			);
			runOnlyForDeploymentPostprocessing = 0;
		};
		8397B1F1249440F000976FF1 /* Resources */ = {
			isa = PBXResourcesBuildPhase;
			buildActionMask = 2147483647;
			files = (
			);
			runOnlyForDeploymentPostprocessing = 0;
		};
		8397B1F9249440F000976FF1 /* Resources */ = {
			isa = PBXResourcesBuildPhase;
			buildActionMask = 2147483647;
			files = (
			);
			runOnlyForDeploymentPostprocessing = 0;
		};
/* End PBXResourcesBuildPhase section */

/* Begin PBXSourcesBuildPhase section */
		8397B1832493E5B800976FF1 /* Sources */ = {
			isa = PBXSourcesBuildPhase;
			buildActionMask = 2147483647;
			files = (
				8397B1B52493F9E300976FF1 /* DomainErrors.swift in Sources */,
				8397B1B02493F7C500976FF1 /* IssuesModel.swift in Sources */,
				8397B1AC2493F6B600976FF1 /* PullRequestResult.swift in Sources */,
				8397B1A62493F10100976FF1 /* UserModelResult.swift in Sources */,
				8397B1A22493E7F400976FF1 /* Model.swift in Sources */,
				8397B1AE2493F74200976FF1 /* IssueModelResult.swift in Sources */,
				8397B1A42493E80F00976FF1 /* IssuesModelResult.swift in Sources */,
				8397B1A82493F26F00976FF1 /* LabelModelResult.swift in Sources */,
			);
			runOnlyForDeploymentPostprocessing = 0;
		};
		8397B1B72493FAD500976FF1 /* Sources */ = {
			isa = PBXSourcesBuildPhase;
			buildActionMask = 2147483647;
			files = (
				8397B1DC2493FC5600976FF1 /* RemoteGetIssues.swift in Sources */,
				8397B1D82493FC0E00976FF1 /* HttpError.swift in Sources */,
				8397B1DA2493FC3500976FF1 /* ExtensionHelpers.swift in Sources */,
				8397B1D62493FB9E00976FF1 /* HttpGetClient.swift in Sources */,
			);
			runOnlyForDeploymentPostprocessing = 0;
		};
		8397B1BF2493FAD500976FF1 /* Sources */ = {
			isa = PBXSourcesBuildPhase;
			buildActionMask = 2147483647;
			files = (
				8397B1EB2493FFAF00976FF1 /* TestDataFactories.swift in Sources */,
				8397B1C92493FAD500976FF1 /* RemoteGetIssuesTests.swift in Sources */,
				8397B1E92493FF8000976FF1 /* TestExtension.swift in Sources */,
				8397B1E72493FE9500976FF1 /* HttpClientSpy.swift in Sources */,
				8397B1ED249400CC00976FF1 /* IssueModelFactory.swift in Sources */,
			);
			runOnlyForDeploymentPostprocessing = 0;
		};
		8397B1EF249440F000976FF1 /* Sources */ = {
			isa = PBXSourcesBuildPhase;
			buildActionMask = 2147483647;
			files = (
			);
			runOnlyForDeploymentPostprocessing = 0;
		};
		8397B1F7249440F000976FF1 /* Sources */ = {
			isa = PBXSourcesBuildPhase;
			buildActionMask = 2147483647;
			files = (
				8397B201249440F000976FF1 /* InfraTests.swift in Sources */,
			);
			runOnlyForDeploymentPostprocessing = 0;
		};
/* End PBXSourcesBuildPhase section */

/* Begin PBXTargetDependency section */
		8397B1C62493FAD500976FF1 /* PBXTargetDependency */ = {
			isa = PBXTargetDependency;
			target = 8397B1BA2493FAD500976FF1 /* Data */;
			targetProxy = 8397B1C52493FAD500976FF1 /* PBXContainerItemProxy */;
		};
		8397B1E12493FC6D00976FF1 /* PBXTargetDependency */ = {
			isa = PBXTargetDependency;
			target = 8397B1862493E5B800976FF1 /* Domain */;
			targetProxy = 8397B1E02493FC6D00976FF1 /* PBXContainerItemProxy */;
		};
		8397B1FE249440F000976FF1 /* PBXTargetDependency */ = {
			isa = PBXTargetDependency;
			target = 8397B1F2249440F000976FF1 /* Infra */;
			targetProxy = 8397B1FD249440F000976FF1 /* PBXContainerItemProxy */;
		};
/* End PBXTargetDependency section */

/* Begin XCBuildConfiguration section */
		8397B1982493E5B800976FF1 /* Debug */ = {
			isa = XCBuildConfiguration;
			buildSettings = {
				CLANG_ENABLE_MODULES = YES;
				CODE_SIGN_STYLE = Automatic;
				COMBINE_HIDPI_IMAGES = YES;
				DEFINES_MODULE = YES;
				DEVELOPMENT_TEAM = 95Y9ZH46LB;
				DYLIB_COMPATIBILITY_VERSION = 1;
				DYLIB_CURRENT_VERSION = 1;
				DYLIB_INSTALL_NAME_BASE = "@rpath";
				INFOPLIST_FILE = Domain/Info.plist;
				INSTALL_PATH = "$(LOCAL_LIBRARY_DIR)/Frameworks";
				LD_RUNPATH_SEARCH_PATHS = (
					"$(inherited)",
					"@executable_path/../Frameworks",
					"@loader_path/Frameworks",
				);
				PRODUCT_BUNDLE_IDENTIFIER = com.br.betaquark.Domain;
				PRODUCT_NAME = "$(TARGET_NAME:c99extidentifier)";
				SKIP_INSTALL = YES;
				SWIFT_OPTIMIZATION_LEVEL = "-Onone";
				SWIFT_VERSION = 5.0;
			};
			name = Debug;
		};
		8397B1992493E5B800976FF1 /* Release */ = {
			isa = XCBuildConfiguration;
			buildSettings = {
				CLANG_ENABLE_MODULES = YES;
				CODE_SIGN_STYLE = Automatic;
				COMBINE_HIDPI_IMAGES = YES;
				DEFINES_MODULE = YES;
				DEVELOPMENT_TEAM = 95Y9ZH46LB;
				DYLIB_COMPATIBILITY_VERSION = 1;
				DYLIB_CURRENT_VERSION = 1;
				DYLIB_INSTALL_NAME_BASE = "@rpath";
				INFOPLIST_FILE = Domain/Info.plist;
				INSTALL_PATH = "$(LOCAL_LIBRARY_DIR)/Frameworks";
				LD_RUNPATH_SEARCH_PATHS = (
					"$(inherited)",
					"@executable_path/../Frameworks",
					"@loader_path/Frameworks",
				);
				PRODUCT_BUNDLE_IDENTIFIER = com.br.betaquark.Domain;
				PRODUCT_NAME = "$(TARGET_NAME:c99extidentifier)";
				SKIP_INSTALL = YES;
				SWIFT_VERSION = 5.0;
			};
			name = Release;
		};
		8397B1CD2493FAD500976FF1 /* Debug */ = {
			isa = XCBuildConfiguration;
			buildSettings = {
				CLANG_ENABLE_MODULES = YES;
				CODE_SIGN_STYLE = Automatic;
				COMBINE_HIDPI_IMAGES = YES;
				DEFINES_MODULE = YES;
				DEVELOPMENT_TEAM = 95Y9ZH46LB;
				DYLIB_COMPATIBILITY_VERSION = 1;
				DYLIB_CURRENT_VERSION = 1;
				DYLIB_INSTALL_NAME_BASE = "@rpath";
				INFOPLIST_FILE = Data/Info.plist;
				INSTALL_PATH = "$(LOCAL_LIBRARY_DIR)/Frameworks";
				LD_RUNPATH_SEARCH_PATHS = (
					"$(inherited)",
					"@executable_path/../Frameworks",
					"@loader_path/Frameworks",
				);
				PRODUCT_BUNDLE_IDENTIFIER = com.br.betaquark.Data;
				PRODUCT_NAME = "$(TARGET_NAME:c99extidentifier)";
				SKIP_INSTALL = YES;
				SWIFT_OPTIMIZATION_LEVEL = "-Onone";
				SWIFT_VERSION = 5.0;
			};
			name = Debug;
		};
		8397B1CE2493FAD500976FF1 /* Release */ = {
			isa = XCBuildConfiguration;
			buildSettings = {
				CLANG_ENABLE_MODULES = YES;
				CODE_SIGN_STYLE = Automatic;
				COMBINE_HIDPI_IMAGES = YES;
				DEFINES_MODULE = YES;
				DEVELOPMENT_TEAM = 95Y9ZH46LB;
				DYLIB_COMPATIBILITY_VERSION = 1;
				DYLIB_CURRENT_VERSION = 1;
				DYLIB_INSTALL_NAME_BASE = "@rpath";
				INFOPLIST_FILE = Data/Info.plist;
				INSTALL_PATH = "$(LOCAL_LIBRARY_DIR)/Frameworks";
				LD_RUNPATH_SEARCH_PATHS = (
					"$(inherited)",
					"@executable_path/../Frameworks",
					"@loader_path/Frameworks",
				);
				PRODUCT_BUNDLE_IDENTIFIER = com.br.betaquark.Data;
				PRODUCT_NAME = "$(TARGET_NAME:c99extidentifier)";
				SKIP_INSTALL = YES;
				SWIFT_VERSION = 5.0;
			};
			name = Release;
		};
		8397B1D02493FAD500976FF1 /* Debug */ = {
			isa = XCBuildConfiguration;
			buildSettings = {
				ALWAYS_EMBED_SWIFT_STANDARD_LIBRARIES = YES;
				CODE_SIGN_STYLE = Automatic;
				COMBINE_HIDPI_IMAGES = YES;
				DEVELOPMENT_TEAM = 95Y9ZH46LB;
				INFOPLIST_FILE = DataTests/Info.plist;
				LD_RUNPATH_SEARCH_PATHS = (
					"$(inherited)",
					"@executable_path/../Frameworks",
					"@loader_path/../Frameworks",
				);
				PRODUCT_BUNDLE_IDENTIFIER = com.br.betaquark.DataTests;
				PRODUCT_NAME = "$(TARGET_NAME)";
				SWIFT_VERSION = 5.0;
			};
			name = Debug;
		};
		8397B1D12493FAD500976FF1 /* Release */ = {
			isa = XCBuildConfiguration;
			buildSettings = {
				ALWAYS_EMBED_SWIFT_STANDARD_LIBRARIES = YES;
				CODE_SIGN_STYLE = Automatic;
				COMBINE_HIDPI_IMAGES = YES;
				DEVELOPMENT_TEAM = 95Y9ZH46LB;
				INFOPLIST_FILE = DataTests/Info.plist;
				LD_RUNPATH_SEARCH_PATHS = (
					"$(inherited)",
					"@executable_path/../Frameworks",
					"@loader_path/../Frameworks",
				);
				PRODUCT_BUNDLE_IDENTIFIER = com.br.betaquark.DataTests;
				PRODUCT_NAME = "$(TARGET_NAME)";
				SWIFT_VERSION = 5.0;
			};
			name = Release;
		};
		8397B205249440F000976FF1 /* Debug */ = {
			isa = XCBuildConfiguration;
			buildSettings = {
				CODE_SIGN_STYLE = Automatic;
				COMBINE_HIDPI_IMAGES = YES;
				DEFINES_MODULE = YES;
				DEVELOPMENT_TEAM = 95Y9ZH46LB;
				DYLIB_COMPATIBILITY_VERSION = 1;
				DYLIB_CURRENT_VERSION = 1;
				DYLIB_INSTALL_NAME_BASE = "@rpath";
				INFOPLIST_FILE = Infra/Info.plist;
				INSTALL_PATH = "$(LOCAL_LIBRARY_DIR)/Frameworks";
				LD_RUNPATH_SEARCH_PATHS = (
					"$(inherited)",
					"@executable_path/../Frameworks",
					"@loader_path/Frameworks",
				);
				PRODUCT_BUNDLE_IDENTIFIER = com.br.betaquark.Infra;
				PRODUCT_NAME = "$(TARGET_NAME:c99extidentifier)";
				SKIP_INSTALL = YES;
				SWIFT_VERSION = 5.0;
			};
			name = Debug;
		};
		8397B206249440F000976FF1 /* Release */ = {
			isa = XCBuildConfiguration;
			buildSettings = {
				CODE_SIGN_STYLE = Automatic;
				COMBINE_HIDPI_IMAGES = YES;
				DEFINES_MODULE = YES;
				DEVELOPMENT_TEAM = 95Y9ZH46LB;
				DYLIB_COMPATIBILITY_VERSION = 1;
				DYLIB_CURRENT_VERSION = 1;
				DYLIB_INSTALL_NAME_BASE = "@rpath";
				INFOPLIST_FILE = Infra/Info.plist;
				INSTALL_PATH = "$(LOCAL_LIBRARY_DIR)/Frameworks";
				LD_RUNPATH_SEARCH_PATHS = (
					"$(inherited)",
					"@executable_path/../Frameworks",
					"@loader_path/Frameworks",
				);
				PRODUCT_BUNDLE_IDENTIFIER = com.br.betaquark.Infra;
				PRODUCT_NAME = "$(TARGET_NAME:c99extidentifier)";
				SKIP_INSTALL = YES;
				SWIFT_VERSION = 5.0;
			};
			name = Release;
		};
		8397B208249440F000976FF1 /* Debug */ = {
			isa = XCBuildConfiguration;
			buildSettings = {
				CODE_SIGN_STYLE = Automatic;
				COMBINE_HIDPI_IMAGES = YES;
				DEVELOPMENT_TEAM = 95Y9ZH46LB;
				INFOPLIST_FILE = InfraTests/Info.plist;
				LD_RUNPATH_SEARCH_PATHS = (
					"$(inherited)",
					"@executable_path/../Frameworks",
					"@loader_path/../Frameworks",
				);
				PRODUCT_BUNDLE_IDENTIFIER = com.br.betaquark.InfraTests;
				PRODUCT_NAME = "$(TARGET_NAME)";
				SWIFT_VERSION = 5.0;
			};
			name = Debug;
		};
		8397B209249440F000976FF1 /* Release */ = {
			isa = XCBuildConfiguration;
			buildSettings = {
				CODE_SIGN_STYLE = Automatic;
				COMBINE_HIDPI_IMAGES = YES;
				DEVELOPMENT_TEAM = 95Y9ZH46LB;
				INFOPLIST_FILE = InfraTests/Info.plist;
				LD_RUNPATH_SEARCH_PATHS = (
					"$(inherited)",
					"@executable_path/../Frameworks",
					"@loader_path/../Frameworks",
				);
				PRODUCT_BUNDLE_IDENTIFIER = com.br.betaquark.InfraTests;
				PRODUCT_NAME = "$(TARGET_NAME)";
				SWIFT_VERSION = 5.0;
			};
			name = Release;
		};
		83E9924A2493E33800127B14 /* Debug */ = {
			isa = XCBuildConfiguration;
			buildSettings = {
				ALWAYS_SEARCH_USER_PATHS = NO;
				CLANG_ANALYZER_NONNULL = YES;
				CLANG_ANALYZER_NUMBER_OBJECT_CONVERSION = YES_AGGRESSIVE;
				CLANG_CXX_LANGUAGE_STANDARD = "gnu++14";
				CLANG_CXX_LIBRARY = "libc++";
				CLANG_ENABLE_MODULES = YES;
				CLANG_ENABLE_OBJC_ARC = YES;
				CLANG_ENABLE_OBJC_WEAK = YES;
				CLANG_WARN_BLOCK_CAPTURE_AUTORELEASING = YES;
				CLANG_WARN_BOOL_CONVERSION = YES;
				CLANG_WARN_COMMA = YES;
				CLANG_WARN_CONSTANT_CONVERSION = YES;
				CLANG_WARN_DEPRECATED_OBJC_IMPLEMENTATIONS = YES;
				CLANG_WARN_DIRECT_OBJC_ISA_USAGE = YES_ERROR;
				CLANG_WARN_DOCUMENTATION_COMMENTS = YES;
				CLANG_WARN_EMPTY_BODY = YES;
				CLANG_WARN_ENUM_CONVERSION = YES;
				CLANG_WARN_INFINITE_RECURSION = YES;
				CLANG_WARN_INT_CONVERSION = YES;
				CLANG_WARN_NON_LITERAL_NULL_CONVERSION = YES;
				CLANG_WARN_OBJC_IMPLICIT_RETAIN_SELF = YES;
				CLANG_WARN_OBJC_LITERAL_CONVERSION = YES;
				CLANG_WARN_OBJC_ROOT_CLASS = YES_ERROR;
				CLANG_WARN_RANGE_LOOP_ANALYSIS = YES;
				CLANG_WARN_STRICT_PROTOTYPES = YES;
				CLANG_WARN_SUSPICIOUS_MOVE = YES;
				CLANG_WARN_UNGUARDED_AVAILABILITY = YES_AGGRESSIVE;
				CLANG_WARN_UNREACHABLE_CODE = YES;
				CLANG_WARN__DUPLICATE_METHOD_MATCH = YES;
				COPY_PHASE_STRIP = NO;
				CURRENT_PROJECT_VERSION = 1;
				DEBUG_INFORMATION_FORMAT = dwarf;
				ENABLE_STRICT_OBJC_MSGSEND = YES;
				ENABLE_TESTABILITY = YES;
				GCC_C_LANGUAGE_STANDARD = gnu11;
				GCC_DYNAMIC_NO_PIC = NO;
				GCC_NO_COMMON_BLOCKS = YES;
				GCC_OPTIMIZATION_LEVEL = 0;
				GCC_PREPROCESSOR_DEFINITIONS = (
					"DEBUG=1",
					"$(inherited)",
				);
				GCC_WARN_64_TO_32_BIT_CONVERSION = YES;
				GCC_WARN_ABOUT_RETURN_TYPE = YES_ERROR;
				GCC_WARN_UNDECLARED_SELECTOR = YES;
				GCC_WARN_UNINITIALIZED_AUTOS = YES_AGGRESSIVE;
				GCC_WARN_UNUSED_FUNCTION = YES;
				GCC_WARN_UNUSED_VARIABLE = YES;
				MACOSX_DEPLOYMENT_TARGET = 10.15;
				MTL_ENABLE_DEBUG_INFO = INCLUDE_SOURCE;
				MTL_FAST_MATH = YES;
				ONLY_ACTIVE_ARCH = YES;
				SDKROOT = macosx;
				SWIFT_ACTIVE_COMPILATION_CONDITIONS = DEBUG;
				SWIFT_OPTIMIZATION_LEVEL = "-Onone";
				VERSIONING_SYSTEM = "apple-generic";
				VERSION_INFO_PREFIX = "";
			};
			name = Debug;
		};
		83E9924B2493E33800127B14 /* Release */ = {
			isa = XCBuildConfiguration;
			buildSettings = {
				ALWAYS_SEARCH_USER_PATHS = NO;
				CLANG_ANALYZER_NONNULL = YES;
				CLANG_ANALYZER_NUMBER_OBJECT_CONVERSION = YES_AGGRESSIVE;
				CLANG_CXX_LANGUAGE_STANDARD = "gnu++14";
				CLANG_CXX_LIBRARY = "libc++";
				CLANG_ENABLE_MODULES = YES;
				CLANG_ENABLE_OBJC_ARC = YES;
				CLANG_ENABLE_OBJC_WEAK = YES;
				CLANG_WARN_BLOCK_CAPTURE_AUTORELEASING = YES;
				CLANG_WARN_BOOL_CONVERSION = YES;
				CLANG_WARN_COMMA = YES;
				CLANG_WARN_CONSTANT_CONVERSION = YES;
				CLANG_WARN_DEPRECATED_OBJC_IMPLEMENTATIONS = YES;
				CLANG_WARN_DIRECT_OBJC_ISA_USAGE = YES_ERROR;
				CLANG_WARN_DOCUMENTATION_COMMENTS = YES;
				CLANG_WARN_EMPTY_BODY = YES;
				CLANG_WARN_ENUM_CONVERSION = YES;
				CLANG_WARN_INFINITE_RECURSION = YES;
				CLANG_WARN_INT_CONVERSION = YES;
				CLANG_WARN_NON_LITERAL_NULL_CONVERSION = YES;
				CLANG_WARN_OBJC_IMPLICIT_RETAIN_SELF = YES;
				CLANG_WARN_OBJC_LITERAL_CONVERSION = YES;
				CLANG_WARN_OBJC_ROOT_CLASS = YES_ERROR;
				CLANG_WARN_RANGE_LOOP_ANALYSIS = YES;
				CLANG_WARN_STRICT_PROTOTYPES = YES;
				CLANG_WARN_SUSPICIOUS_MOVE = YES;
				CLANG_WARN_UNGUARDED_AVAILABILITY = YES_AGGRESSIVE;
				CLANG_WARN_UNREACHABLE_CODE = YES;
				CLANG_WARN__DUPLICATE_METHOD_MATCH = YES;
				COPY_PHASE_STRIP = NO;
				CURRENT_PROJECT_VERSION = 1;
				DEBUG_INFORMATION_FORMAT = "dwarf-with-dsym";
				ENABLE_NS_ASSERTIONS = NO;
				ENABLE_STRICT_OBJC_MSGSEND = YES;
				GCC_C_LANGUAGE_STANDARD = gnu11;
				GCC_NO_COMMON_BLOCKS = YES;
				GCC_WARN_64_TO_32_BIT_CONVERSION = YES;
				GCC_WARN_ABOUT_RETURN_TYPE = YES_ERROR;
				GCC_WARN_UNDECLARED_SELECTOR = YES;
				GCC_WARN_UNINITIALIZED_AUTOS = YES_AGGRESSIVE;
				GCC_WARN_UNUSED_FUNCTION = YES;
				GCC_WARN_UNUSED_VARIABLE = YES;
				MACOSX_DEPLOYMENT_TARGET = 10.15;
				MTL_ENABLE_DEBUG_INFO = NO;
				MTL_FAST_MATH = YES;
				SDKROOT = macosx;
				SWIFT_COMPILATION_MODE = wholemodule;
				SWIFT_OPTIMIZATION_LEVEL = "-O";
				VERSIONING_SYSTEM = "apple-generic";
				VERSION_INFO_PREFIX = "";
			};
			name = Release;
		};
/* End XCBuildConfiguration section */

/* Begin XCConfigurationList section */
		8397B19C2493E5B800976FF1 /* Build configuration list for PBXNativeTarget "Domain" */ = {
			isa = XCConfigurationList;
			buildConfigurations = (
				8397B1982493E5B800976FF1 /* Debug */,
				8397B1992493E5B800976FF1 /* Release */,
			);
			defaultConfigurationIsVisible = 0;
			defaultConfigurationName = Release;
		};
		8397B1CC2493FAD500976FF1 /* Build configuration list for PBXNativeTarget "Data" */ = {
			isa = XCConfigurationList;
			buildConfigurations = (
				8397B1CD2493FAD500976FF1 /* Debug */,
				8397B1CE2493FAD500976FF1 /* Release */,
			);
			defaultConfigurationIsVisible = 0;
			defaultConfigurationName = Release;
		};
		8397B1CF2493FAD500976FF1 /* Build configuration list for PBXNativeTarget "DataTests" */ = {
			isa = XCConfigurationList;
			buildConfigurations = (
				8397B1D02493FAD500976FF1 /* Debug */,
				8397B1D12493FAD500976FF1 /* Release */,
			);
			defaultConfigurationIsVisible = 0;
			defaultConfigurationName = Release;
		};
		8397B204249440F000976FF1 /* Build configuration list for PBXNativeTarget "Infra" */ = {
			isa = XCConfigurationList;
			buildConfigurations = (
				8397B205249440F000976FF1 /* Debug */,
				8397B206249440F000976FF1 /* Release */,
			);
			defaultConfigurationIsVisible = 0;
			defaultConfigurationName = Release;
		};
		8397B207249440F000976FF1 /* Build configuration list for PBXNativeTarget "InfraTests" */ = {
			isa = XCConfigurationList;
			buildConfigurations = (
				8397B208249440F000976FF1 /* Debug */,
				8397B209249440F000976FF1 /* Release */,
			);
			defaultConfigurationIsVisible = 0;
			defaultConfigurationName = Release;
		};
		83E992322493E33700127B14 /* Build configuration list for PBXProject "Recrutamento" */ = {
			isa = XCConfigurationList;
			buildConfigurations = (
				83E9924A2493E33800127B14 /* Debug */,
				83E9924B2493E33800127B14 /* Release */,
			);
			defaultConfigurationIsVisible = 0;
			defaultConfigurationName = Release;
		};
/* End XCConfigurationList section */
	};
	rootObject = 83E9922F2493E33700127B14 /* Project object */;
}
